# This file is automatically @generated by Wally.
# It is not intended for manual editing.
registry = "test"

[[package]]
name = "firecam702/profileservice"
version = "1.0.0"
dependencies = []

[[package]]
name = "littensy/charm"
version = "0.10.0"
dependencies = []

[[package]]
name = "rbtek/pbtsr"
version = "0.1.0"
dependencies = [["ProfileService", "firecam702/profileservice@1.0.0"], ["charm", "littensy/charm@0.10.0"]]
